hash: eeda712a5e9d2c588a180fb2510ca22e47a27c4e6ad75c50183bd633c653a88b
updated: 2016-09-18T17:24:34.3491947+08:00
imports:
- name: github.com/foolin/gomap
  version: 64245a4fea67132cce27967aeb74111adc6e9925
- name: github.com/kolo/xmlrpc
  version: 0826b98aaa29c0766956cb40d45cf7482a597671
testImports: []
